
Microsoft Visual Studio Solution File, Format Version 12.00
# Visual Studio Version 17
VisualStudioVersion = 17.6.33815.320
MinimumVisualStudioVersion = 10.0.40219.1
Project("{FAE04EC0-301F-11D3-BF4B-00C04F79EFBC}") = "WeatherApp", "WeatherApp\WeatherApp.csproj", "{55AD27C2-8BD9-42EA-80F1-94FBA9298B44}"
EndProject
Global
	GlobalSection(SolutionConfigurationPlatforms) = preSolution
		Debug|Any CPU = Debug|Any CPU
		Release|Any CPU = Release|Any CPU
	EndGlobalSection
	GlobalSection(ProjectConfigurationPlatforms) = postSolution
		{55AD27C2-8BD9-42EA-80F1-94FBA9298B44}.Debug|Any CPU.ActiveCfg = Debug|Any CPU
		{55AD27C2-8BD9-42EA-80F1-94FBA9298B44}.Debug|Any CPU.Build.0 = Debug|Any CPU
		{55AD27C2-8BD9-42EA-80F1-94FBA9298B44}.Release|Any CPU.ActiveCfg = Release|Any CPU
		{55AD27C2-8BD9-42EA-80F1-94FBA9298B44}.Release|Any CPU.Build.0 = Release|Any CPU
	EndGlobalSection
	GlobalSection(SolutionProperties) = preSolution
		HideSolutionNode = FALSE
	EndGlobalSection
	GlobalSection(ExtensibilityGlobals) = postSolution
		SolutionGuid = {D573B143-3356-4AD9-BCB2-0F0F42B5F715}
	EndGlobalSection
EndGlobal
