
Microsoft Visual Studio Solution File, Format Version 12.00
Project("{FAE04EC0-301F-11D3-BF4B-00C04F79EFBC}") = "SerializationRepeat", "SerializationRepeat\SerializationRepeat.csproj", "{95BFE89D-E628-46F9-9069-8A2DFA2BE075}"
EndProject
Global
	GlobalSection(SolutionConfigurationPlatforms) = preSolution
		Debug|Any CPU = Debug|Any CPU
		Release|Any CPU = Release|Any CPU
	EndGlobalSection
	GlobalSection(ProjectConfigurationPlatforms) = postSolution
		{95BFE89D-E628-46F9-9069-8A2DFA2BE075}.Debug|Any CPU.ActiveCfg = Debug|Any CPU
		{95BFE89D-E628-46F9-9069-8A2DFA2BE075}.Debug|Any CPU.Build.0 = Debug|Any CPU
		{95BFE89D-E628-46F9-9069-8A2DFA2BE075}.Release|Any CPU.ActiveCfg = Release|Any CPU
		{95BFE89D-E628-46F9-9069-8A2DFA2BE075}.Release|Any CPU.Build.0 = Release|Any CPU
	EndGlobalSection
EndGlobal
