
Microsoft Visual Studio Solution File, Format Version 12.00
# Visual Studio Version 17
VisualStudioVersion = 17.6.33815.320
MinimumVisualStudioVersion = 10.0.40219.1
Project("{9A19103F-16F7-4668-BE54-9A1E7A4F7556}") = "Lesson1", "Lesson1\Lesson1.csproj", "{DF9D031D-B7D3-4FC0-929B-F24C77CAC215}"
EndProject
Project("{FAE04EC0-301F-11D3-BF4B-00C04F79EFBC}") = "Part2", "..\Part2\Part2.csproj", "{970F1934-A2CC-4103-9DF6-ED5D9D2174E4}"
EndProject
Global
	GlobalSection(SolutionConfigurationPlatforms) = preSolution
		Debug|Any CPU = Debug|Any CPU
		Release|Any CPU = Release|Any CPU
	EndGlobalSection
	GlobalSection(ProjectConfigurationPlatforms) = postSolution
		{DF9D031D-B7D3-4FC0-929B-F24C77CAC215}.Debug|Any CPU.ActiveCfg = Debug|Any CPU
		{DF9D031D-B7D3-4FC0-929B-F24C77CAC215}.Debug|Any CPU.Build.0 = Debug|Any CPU
		{DF9D031D-B7D3-4FC0-929B-F24C77CAC215}.Release|Any CPU.ActiveCfg = Release|Any CPU
		{DF9D031D-B7D3-4FC0-929B-F24C77CAC215}.Release|Any CPU.Build.0 = Release|Any CPU
		{970F1934-A2CC-4103-9DF6-ED5D9D2174E4}.Debug|Any CPU.ActiveCfg = Debug|Any CPU
		{970F1934-A2CC-4103-9DF6-ED5D9D2174E4}.Debug|Any CPU.Build.0 = Debug|Any CPU
		{970F1934-A2CC-4103-9DF6-ED5D9D2174E4}.Release|Any CPU.ActiveCfg = Release|Any CPU
		{970F1934-A2CC-4103-9DF6-ED5D9D2174E4}.Release|Any CPU.Build.0 = Release|Any CPU
	EndGlobalSection
	GlobalSection(SolutionProperties) = preSolution
		HideSolutionNode = FALSE
	EndGlobalSection
	GlobalSection(ExtensibilityGlobals) = postSolution
		SolutionGuid = {E27BDDC4-6370-4F61-9C08-3B59807D8FC8}
	EndGlobalSection
EndGlobal
