
Microsoft Visual Studio Solution File, Format Version 12.00
Project("{FAE04EC0-301F-11D3-BF4B-00C04F79EFBC}") = "Lesson4", "Lesson4\Lesson4.csproj", "{976B73A2-5549-4E42-AFED-F06A981856DD}"
EndProject
Global
	GlobalSection(SolutionConfigurationPlatforms) = preSolution
		Debug|Any CPU = Debug|Any CPU
		Release|Any CPU = Release|Any CPU
	EndGlobalSection
	GlobalSection(ProjectConfigurationPlatforms) = postSolution
		{976B73A2-5549-4E42-AFED-F06A981856DD}.Debug|Any CPU.ActiveCfg = Debug|Any CPU
		{976B73A2-5549-4E42-AFED-F06A981856DD}.Debug|Any CPU.Build.0 = Debug|Any CPU
		{976B73A2-5549-4E42-AFED-F06A981856DD}.Release|Any CPU.ActiveCfg = Release|Any CPU
		{976B73A2-5549-4E42-AFED-F06A981856DD}.Release|Any CPU.Build.0 = Release|Any CPU
	EndGlobalSection
EndGlobal
