
Microsoft Visual Studio Solution File, Format Version 12.00
# Visual Studio Version 17
VisualStudioVersion = 17.6.33513.286
MinimumVisualStudioVersion = 10.0.40219.1
Project("{FAE04EC0-301F-11D3-BF4B-00C04F79EFBC}") = "FuncsToPointerExample", "FuncsToPointerExample\FuncsToPointerExample.csproj", "{C7BC5545-F8DF-4B86-8CC0-1094C8EC34B2}"
EndProject
Global
	GlobalSection(SolutionConfigurationPlatforms) = preSolution
		Debug|Any CPU = Debug|Any CPU
		Release|Any CPU = Release|Any CPU
	EndGlobalSection
	GlobalSection(ProjectConfigurationPlatforms) = postSolution
		{C7BC5545-F8DF-4B86-8CC0-1094C8EC34B2}.Debug|Any CPU.ActiveCfg = Debug|Any CPU
		{C7BC5545-F8DF-4B86-8CC0-1094C8EC34B2}.Debug|Any CPU.Build.0 = Debug|Any CPU
		{C7BC5545-F8DF-4B86-8CC0-1094C8EC34B2}.Release|Any CPU.ActiveCfg = Release|Any CPU
		{C7BC5545-F8DF-4B86-8CC0-1094C8EC34B2}.Release|Any CPU.Build.0 = Release|Any CPU
	EndGlobalSection
	GlobalSection(SolutionProperties) = preSolution
		HideSolutionNode = FALSE
	EndGlobalSection
	GlobalSection(ExtensibilityGlobals) = postSolution
		SolutionGuid = {9403CCAA-7FB7-4FA7-8512-E4E4A1924B60}
	EndGlobalSection
EndGlobal
