
Microsoft Visual Studio Solution File, Format Version 12.00
# Visual Studio Version 17
VisualStudioVersion = 17.6.33815.320
MinimumVisualStudioVersion = 10.0.40219.1
Project("{FAE04EC0-301F-11D3-BF4B-00C04F79EFBC}") = "Binding", "Binding\Binding.csproj", "{0C087845-D9DC-4887-B8D2-02E82A97CE07}"
EndProject
Global
	GlobalSection(SolutionConfigurationPlatforms) = preSolution
		Debug|Any CPU = Debug|Any CPU
		Release|Any CPU = Release|Any CPU
	EndGlobalSection
	GlobalSection(ProjectConfigurationPlatforms) = postSolution
		{0C087845-D9DC-4887-B8D2-02E82A97CE07}.Debug|Any CPU.ActiveCfg = Debug|Any CPU
		{0C087845-D9DC-4887-B8D2-02E82A97CE07}.Debug|Any CPU.Build.0 = Debug|Any CPU
		{0C087845-D9DC-4887-B8D2-02E82A97CE07}.Release|Any CPU.ActiveCfg = Release|Any CPU
		{0C087845-D9DC-4887-B8D2-02E82A97CE07}.Release|Any CPU.Build.0 = Release|Any CPU
	EndGlobalSection
	GlobalSection(SolutionProperties) = preSolution
		HideSolutionNode = FALSE
	EndGlobalSection
	GlobalSection(ExtensibilityGlobals) = postSolution
		SolutionGuid = {2E417AC1-FE9C-47D2-B658-EA22D6F0FB4D}
	EndGlobalSection
EndGlobal
