
Microsoft Visual Studio Solution File, Format Version 12.00
Project("{FAE04EC0-301F-11D3-BF4B-00C04F79EFBC}") = "Intro", "Intro\Intro.csproj", "{F8F4EE59-825C-49FE-8D22-0B660EB32C4E}"
EndProject
Global
	GlobalSection(SolutionConfigurationPlatforms) = preSolution
		Debug|Any CPU = Debug|Any CPU
		Release|Any CPU = Release|Any CPU
	EndGlobalSection
	GlobalSection(ProjectConfigurationPlatforms) = postSolution
		{F8F4EE59-825C-49FE-8D22-0B660EB32C4E}.Debug|Any CPU.ActiveCfg = Debug|Any CPU
		{F8F4EE59-825C-49FE-8D22-0B660EB32C4E}.Debug|Any CPU.Build.0 = Debug|Any CPU
		{F8F4EE59-825C-49FE-8D22-0B660EB32C4E}.Release|Any CPU.ActiveCfg = Release|Any CPU
		{F8F4EE59-825C-49FE-8D22-0B660EB32C4E}.Release|Any CPU.Build.0 = Release|Any CPU
	EndGlobalSection
EndGlobal
