
Microsoft Visual Studio Solution File, Format Version 12.00
Project("{FAE04EC0-301F-11D3-BF4B-00C04F79EFBC}") = "Intro", "Intro\Intro.csproj", "{C9E32EC3-4D94-405C-9B32-9C04FB08DC47}"
EndProject
Global
	GlobalSection(SolutionConfigurationPlatforms) = preSolution
		Debug|Any CPU = Debug|Any CPU
		Release|Any CPU = Release|Any CPU
	EndGlobalSection
	GlobalSection(ProjectConfigurationPlatforms) = postSolution
		{C9E32EC3-4D94-405C-9B32-9C04FB08DC47}.Debug|Any CPU.ActiveCfg = Debug|Any CPU
		{C9E32EC3-4D94-405C-9B32-9C04FB08DC47}.Debug|Any CPU.Build.0 = Debug|Any CPU
		{C9E32EC3-4D94-405C-9B32-9C04FB08DC47}.Release|Any CPU.ActiveCfg = Release|Any CPU
		{C9E32EC3-4D94-405C-9B32-9C04FB08DC47}.Release|Any CPU.Build.0 = Release|Any CPU
	EndGlobalSection
EndGlobal
