
Microsoft Visual Studio Solution File, Format Version 12.00
# Visual Studio Version 17
VisualStudioVersion = 17.0.31903.59
MinimumVisualStudioVersion = 10.0.40219.1
Project("{FAE04EC0-301F-11D3-BF4B-00C04F79EFBC}") = "Client", "Client\Client.csproj", "{12FDCB3F-2FD8-4D1A-BEDB-A7E55D94C4DC}"
EndProject
Project("{FAE04EC0-301F-11D3-BF4B-00C04F79EFBC}") = "Server", "Server\Server.csproj", "{38DC8110-5680-49BE-9030-1A0ED5D82B33}"
EndProject
Global
	GlobalSection(SolutionConfigurationPlatforms) = preSolution
		Debug|Any CPU = Debug|Any CPU
		Release|Any CPU = Release|Any CPU
	EndGlobalSection
	GlobalSection(SolutionProperties) = preSolution
		HideSolutionNode = FALSE
	EndGlobalSection
	GlobalSection(ProjectConfigurationPlatforms) = postSolution
		{12FDCB3F-2FD8-4D1A-BEDB-A7E55D94C4DC}.Debug|Any CPU.ActiveCfg = Debug|Any CPU
		{12FDCB3F-2FD8-4D1A-BEDB-A7E55D94C4DC}.Debug|Any CPU.Build.0 = Debug|Any CPU
		{12FDCB3F-2FD8-4D1A-BEDB-A7E55D94C4DC}.Release|Any CPU.ActiveCfg = Release|Any CPU
		{12FDCB3F-2FD8-4D1A-BEDB-A7E55D94C4DC}.Release|Any CPU.Build.0 = Release|Any CPU
		{38DC8110-5680-49BE-9030-1A0ED5D82B33}.Debug|Any CPU.ActiveCfg = Debug|Any CPU
		{38DC8110-5680-49BE-9030-1A0ED5D82B33}.Debug|Any CPU.Build.0 = Debug|Any CPU
		{38DC8110-5680-49BE-9030-1A0ED5D82B33}.Release|Any CPU.ActiveCfg = Release|Any CPU
		{38DC8110-5680-49BE-9030-1A0ED5D82B33}.Release|Any CPU.Build.0 = Release|Any CPU
	EndGlobalSection
EndGlobal
