
Microsoft Visual Studio Solution File, Format Version 12.00
# Visual Studio Version 17
VisualStudioVersion = 17.6.33815.320
MinimumVisualStudioVersion = 10.0.40219.1
Project("{FAE04EC0-301F-11D3-BF4B-00C04F79EFBC}") = "NavigationPages", "NavigationPages\NavigationPages.csproj", "{B878FD97-2D80-4816-8675-CC1809417947}"
EndProject
Global
	GlobalSection(SolutionConfigurationPlatforms) = preSolution
		Debug|Any CPU = Debug|Any CPU
		Release|Any CPU = Release|Any CPU
	EndGlobalSection
	GlobalSection(ProjectConfigurationPlatforms) = postSolution
		{B878FD97-2D80-4816-8675-CC1809417947}.Debug|Any CPU.ActiveCfg = Debug|Any CPU
		{B878FD97-2D80-4816-8675-CC1809417947}.Debug|Any CPU.Build.0 = Debug|Any CPU
		{B878FD97-2D80-4816-8675-CC1809417947}.Release|Any CPU.ActiveCfg = Release|Any CPU
		{B878FD97-2D80-4816-8675-CC1809417947}.Release|Any CPU.Build.0 = Release|Any CPU
	EndGlobalSection
	GlobalSection(SolutionProperties) = preSolution
		HideSolutionNode = FALSE
	EndGlobalSection
	GlobalSection(ExtensibilityGlobals) = postSolution
		SolutionGuid = {F3008B60-506D-4FC0-A8E8-31A2D68B818F}
	EndGlobalSection
EndGlobal
