
Microsoft Visual Studio Solution File, Format Version 12.00
# Visual Studio Version 17
VisualStudioVersion = 17.6.33815.320
MinimumVisualStudioVersion = 10.0.40219.1
Project("{FAE04EC0-301F-11D3-BF4B-00C04F79EFBC}") = "CaptureWinApi", "CaptureWinApi\CaptureWinApi.csproj", "{646996A4-75F2-44B0-A756-13926B2A824E}"
EndProject
Project("{9A19103F-16F7-4668-BE54-9A1E7A4F7556}") = "ScreenCapture", "ScreenCapture\ScreenCapture.csproj", "{E237FC39-F79B-4372-8C33-249F09A640B5}"
EndProject
Project("{FAE04EC0-301F-11D3-BF4B-00C04F79EFBC}") = "DataLayer", "DataLayer\DataLayer.csproj", "{43E82F20-C5C0-437E-92F7-70939BFF82CD}"
EndProject
Global
	GlobalSection(SolutionConfigurationPlatforms) = preSolution
		Debug|Any CPU = Debug|Any CPU
		Release|Any CPU = Release|Any CPU
	EndGlobalSection
	GlobalSection(ProjectConfigurationPlatforms) = postSolution
		{646996A4-75F2-44B0-A756-13926B2A824E}.Debug|Any CPU.ActiveCfg = Debug|Any CPU
		{646996A4-75F2-44B0-A756-13926B2A824E}.Debug|Any CPU.Build.0 = Debug|Any CPU
		{646996A4-75F2-44B0-A756-13926B2A824E}.Release|Any CPU.ActiveCfg = Release|Any CPU
		{646996A4-75F2-44B0-A756-13926B2A824E}.Release|Any CPU.Build.0 = Release|Any CPU
		{E237FC39-F79B-4372-8C33-249F09A640B5}.Debug|Any CPU.ActiveCfg = Debug|Any CPU
		{E237FC39-F79B-4372-8C33-249F09A640B5}.Debug|Any CPU.Build.0 = Debug|Any CPU
		{E237FC39-F79B-4372-8C33-249F09A640B5}.Release|Any CPU.ActiveCfg = Release|Any CPU
		{E237FC39-F79B-4372-8C33-249F09A640B5}.Release|Any CPU.Build.0 = Release|Any CPU
		{43E82F20-C5C0-437E-92F7-70939BFF82CD}.Debug|Any CPU.ActiveCfg = Debug|Any CPU
		{43E82F20-C5C0-437E-92F7-70939BFF82CD}.Debug|Any CPU.Build.0 = Debug|Any CPU
		{43E82F20-C5C0-437E-92F7-70939BFF82CD}.Release|Any CPU.ActiveCfg = Release|Any CPU
		{43E82F20-C5C0-437E-92F7-70939BFF82CD}.Release|Any CPU.Build.0 = Release|Any CPU
	EndGlobalSection
	GlobalSection(SolutionProperties) = preSolution
		HideSolutionNode = FALSE
	EndGlobalSection
	GlobalSection(ExtensibilityGlobals) = postSolution
		SolutionGuid = {E5F20F61-606B-4EC3-BFEF-730C923CA14A}
	EndGlobalSection
EndGlobal
