
Microsoft Visual Studio Solution File, Format Version 12.00
# Visual Studio Version 17
VisualStudioVersion = 17.8.34309.116
MinimumVisualStudioVersion = 10.0.40219.1
Project("{FAE04EC0-301F-11D3-BF4B-00C04F79EFBC}") = "Memento", "Memento\Memento.csproj", "{EE27F9AD-E538-4A0A-80A4-CC0A993E2D64}"
EndProject
Global
	GlobalSection(SolutionConfigurationPlatforms) = preSolution
		Debug|Any CPU = Debug|Any CPU
		Release|Any CPU = Release|Any CPU
	EndGlobalSection
	GlobalSection(ProjectConfigurationPlatforms) = postSolution
		{EE27F9AD-E538-4A0A-80A4-CC0A993E2D64}.Debug|Any CPU.ActiveCfg = Debug|Any CPU
		{EE27F9AD-E538-4A0A-80A4-CC0A993E2D64}.Debug|Any CPU.Build.0 = Debug|Any CPU
		{EE27F9AD-E538-4A0A-80A4-CC0A993E2D64}.Release|Any CPU.ActiveCfg = Release|Any CPU
		{EE27F9AD-E538-4A0A-80A4-CC0A993E2D64}.Release|Any CPU.Build.0 = Release|Any CPU
	EndGlobalSection
	GlobalSection(SolutionProperties) = preSolution
		HideSolutionNode = FALSE
	EndGlobalSection
	GlobalSection(ExtensibilityGlobals) = postSolution
		SolutionGuid = {6A48E9E1-975C-44AB-9104-613C5148F65F}
	EndGlobalSection
EndGlobal
