
Microsoft Visual Studio Solution File, Format Version 12.00
# Visual Studio Version 17
VisualStudioVersion = 17.6.33815.320
MinimumVisualStudioVersion = 10.0.40219.1
Project("{FAE04EC0-301F-11D3-BF4B-00C04F79EFBC}") = "EfTracking", "EfTracking\EfTracking.csproj", "{181C5BC9-2403-474C-8C9A-661A60879EDB}"
EndProject
Global
	GlobalSection(SolutionConfigurationPlatforms) = preSolution
		Debug|Any CPU = Debug|Any CPU
		Release|Any CPU = Release|Any CPU
	EndGlobalSection
	GlobalSection(ProjectConfigurationPlatforms) = postSolution
		{181C5BC9-2403-474C-8C9A-661A60879EDB}.Debug|Any CPU.ActiveCfg = Debug|Any CPU
		{181C5BC9-2403-474C-8C9A-661A60879EDB}.Debug|Any CPU.Build.0 = Debug|Any CPU
		{181C5BC9-2403-474C-8C9A-661A60879EDB}.Release|Any CPU.ActiveCfg = Release|Any CPU
		{181C5BC9-2403-474C-8C9A-661A60879EDB}.Release|Any CPU.Build.0 = Release|Any CPU
	EndGlobalSection
	GlobalSection(SolutionProperties) = preSolution
		HideSolutionNode = FALSE
	EndGlobalSection
	GlobalSection(ExtensibilityGlobals) = postSolution
		SolutionGuid = {66AE6187-5DA1-4A91-BB6D-FA32167D434E}
	EndGlobalSection
EndGlobal
