
Microsoft Visual Studio Solution File, Format Version 12.00
Project("{FAE04EC0-301F-11D3-BF4B-00C04F79EFBC}") = "DapperIntro", "DapperIntro\DapperIntro.csproj", "{EDDE273F-660C-4597-B32B-5B9149D4A9A0}"
EndProject
Global
	GlobalSection(SolutionConfigurationPlatforms) = preSolution
		Debug|Any CPU = Debug|Any CPU
		Release|Any CPU = Release|Any CPU
	EndGlobalSection
	GlobalSection(ProjectConfigurationPlatforms) = postSolution
		{EDDE273F-660C-4597-B32B-5B9149D4A9A0}.Debug|Any CPU.ActiveCfg = Debug|Any CPU
		{EDDE273F-660C-4597-B32B-5B9149D4A9A0}.Debug|Any CPU.Build.0 = Debug|Any CPU
		{EDDE273F-660C-4597-B32B-5B9149D4A9A0}.Release|Any CPU.ActiveCfg = Release|Any CPU
		{EDDE273F-660C-4597-B32B-5B9149D4A9A0}.Release|Any CPU.Build.0 = Release|Any CPU
	EndGlobalSection
EndGlobal
